
Microsoft Visual Studio Solution File, Format Version 12.00
# Visual Studio Version 17
VisualStudioVersion = 17.0.31903.59
MinimumVisualStudioVersion = 10.0.40219.1
Project("{9A19103F-16F7-4668-BE54-9A1E7A4F7556}") = "API", "API\API.csproj", "{E24B91C8-8CAB-4C8E-91D5-BC434AEDDA65}"
EndProject
Project("{9A19103F-16F7-4668-BE54-9A1E7A4F7556}") = "Application", "Application\Application.csproj", "{818C7974-3370-4BAF-83C5-15FC233B3EB3}"
EndProject
Project("{9A19103F-16F7-4668-BE54-9A1E7A4F7556}") = "Domain", "Domain\Domain.csproj", "{60F7B173-F2D0-4847-AB73-A05C9CFE69EF}"
EndProject
Project("{9A19103F-16F7-4668-BE54-9A1E7A4F7556}") = "Persistence", "Persistence\Persistence.csproj", "{7C855BA7-4ED0-4C40-80F0-7578C4D09D88}"
EndProject
Project("{E24C65DC-7377-472B-9ABA-BC803B73C61A}") = "client-app", "client-app\", "{BDE9CBC3-7EC9-445A-86CA-DDB0D0A105E8}"
	ProjectSection(WebsiteProperties) = preProject
		TargetFrameworkMoniker = ".NETFramework,Version%3Dv4.8"
		Debug.AspNetCompiler.VirtualPath = "/localhost_62935"
		Debug.AspNetCompiler.PhysicalPath = "client-app\"
		Debug.AspNetCompiler.TargetPath = "PrecompiledWeb\localhost_62935\"
		Debug.AspNetCompiler.Updateable = "true"
		Debug.AspNetCompiler.ForceOverwrite = "true"
		Debug.AspNetCompiler.FixedNames = "false"
		Debug.AspNetCompiler.Debug = "True"
		Release.AspNetCompiler.VirtualPath = "/localhost_62935"
		Release.AspNetCompiler.PhysicalPath = "client-app\"
		Release.AspNetCompiler.TargetPath = "PrecompiledWeb\localhost_62935\"
		Release.AspNetCompiler.Updateable = "true"
		Release.AspNetCompiler.ForceOverwrite = "true"
		Release.AspNetCompiler.FixedNames = "false"
		Release.AspNetCompiler.Debug = "False"
		VWDPort = "62935"
		SlnRelativePath = "client-app\"
	EndProjectSection
EndProject
Global
	GlobalSection(SolutionConfigurationPlatforms) = preSolution
		Debug|Any CPU = Debug|Any CPU
		Release|Any CPU = Release|Any CPU
	EndGlobalSection
	GlobalSection(ProjectConfigurationPlatforms) = postSolution
		{E24B91C8-8CAB-4C8E-91D5-BC434AEDDA65}.Debug|Any CPU.ActiveCfg = Debug|Any CPU
		{E24B91C8-8CAB-4C8E-91D5-BC434AEDDA65}.Debug|Any CPU.Build.0 = Debug|Any CPU
		{E24B91C8-8CAB-4C8E-91D5-BC434AEDDA65}.Release|Any CPU.ActiveCfg = Release|Any CPU
		{E24B91C8-8CAB-4C8E-91D5-BC434AEDDA65}.Release|Any CPU.Build.0 = Release|Any CPU
		{818C7974-3370-4BAF-83C5-15FC233B3EB3}.Debug|Any CPU.ActiveCfg = Debug|Any CPU
		{818C7974-3370-4BAF-83C5-15FC233B3EB3}.Debug|Any CPU.Build.0 = Debug|Any CPU
		{818C7974-3370-4BAF-83C5-15FC233B3EB3}.Release|Any CPU.ActiveCfg = Release|Any CPU
		{818C7974-3370-4BAF-83C5-15FC233B3EB3}.Release|Any CPU.Build.0 = Release|Any CPU
		{60F7B173-F2D0-4847-AB73-A05C9CFE69EF}.Debug|Any CPU.ActiveCfg = Debug|Any CPU
		{60F7B173-F2D0-4847-AB73-A05C9CFE69EF}.Debug|Any CPU.Build.0 = Debug|Any CPU
		{60F7B173-F2D0-4847-AB73-A05C9CFE69EF}.Release|Any CPU.ActiveCfg = Release|Any CPU
		{60F7B173-F2D0-4847-AB73-A05C9CFE69EF}.Release|Any CPU.Build.0 = Release|Any CPU
		{7C855BA7-4ED0-4C40-80F0-7578C4D09D88}.Debug|Any CPU.ActiveCfg = Debug|Any CPU
		{7C855BA7-4ED0-4C40-80F0-7578C4D09D88}.Debug|Any CPU.Build.0 = Debug|Any CPU
		{7C855BA7-4ED0-4C40-80F0-7578C4D09D88}.Release|Any CPU.ActiveCfg = Release|Any CPU
		{7C855BA7-4ED0-4C40-80F0-7578C4D09D88}.Release|Any CPU.Build.0 = Release|Any CPU
		{BDE9CBC3-7EC9-445A-86CA-DDB0D0A105E8}.Debug|Any CPU.ActiveCfg = Debug|Any CPU
		{BDE9CBC3-7EC9-445A-86CA-DDB0D0A105E8}.Debug|Any CPU.Build.0 = Debug|Any CPU
		{BDE9CBC3-7EC9-445A-86CA-DDB0D0A105E8}.Release|Any CPU.ActiveCfg = Debug|Any CPU
		{BDE9CBC3-7EC9-445A-86CA-DDB0D0A105E8}.Release|Any CPU.Build.0 = Debug|Any CPU
	EndGlobalSection
	GlobalSection(SolutionProperties) = preSolution
		HideSolutionNode = FALSE
	EndGlobalSection
	GlobalSection(ExtensibilityGlobals) = postSolution
		SolutionGuid = {05E4F226-0932-419D-AAC5-3F551399CD1A}
	EndGlobalSection
EndGlobal
